// !$*UTF8*$!
{
	archiveVersion = 1;
	classes = {
	};
	objectVersion = 48;
	objects = {

/* Begin PBXBuildFile section */
		33749D067D1B0406AB574350 /* libPods-OpenCVDemoTests.a in Frameworks */ = {isa = PBXBuildFile; fileRef = 7055F7312E0E6F81D06C5723 /* libPods-OpenCVDemoTests.a */; };
		33E5AAB6265D76705FD84861 /* libPods-OpenCVDemo.a in Frameworks */ = {isa = PBXBuildFile; fileRef = CE695F0716185CDF914C1929 /* libPods-OpenCVDemo.a */; };
		4C97729C2088646600930C34 /* AppDelegate.m in Sources */ = {isa = PBXBuildFile; fileRef = 4C97729B2088646600930C34 /* AppDelegate.m */; };
		4C97729F2088646600930C34 /* ViewController.mm in Sources */ = {isa = PBXBuildFile; fileRef = 4C97729E2088646600930C34 /* ViewController.mm */; };
		4C9772A22088646600930C34 /* Main.storyboard in Resources */ = {isa = PBXBuildFile; fileRef = 4C9772A02088646600930C34 /* Main.storyboard */; };
		4C9772A42088646600930C34 /* Assets.xcassets in Resources */ = {isa = PBXBuildFile; fileRef = 4C9772A32088646600930C34 /* Assets.xcassets */; };
		4C9772A72088646600930C34 /* LaunchScreen.storyboard in Resources */ = {isa = PBXBuildFile; fileRef = 4C9772A52088646600930C34 /* LaunchScreen.storyboard */; };
		4C9772AA2088646600930C34 /* main.m in Sources */ = {isa = PBXBuildFile; fileRef = 4C9772A92088646600930C34 /* main.m */; };
		4C9772B42088646700930C34 /* OpenCVDemoTests.m in Sources */ = {isa = PBXBuildFile; fileRef = 4C9772B32088646700930C34 /* OpenCVDemoTests.m */; };
		4C9772BF2088646700930C34 /* OpenCVDemoUITests.m in Sources */ = {isa = PBXBuildFile; fileRef = 4C9772BE2088646700930C34 /* OpenCVDemoUITests.m */; };
		BDC8A8693C08B50D34EC0FBF /* libPods-OpenCVDemoUITests.a in Frameworks */ = {isa = PBXBuildFile; fileRef = 0A91BE88730E625D64FC3658 /* libPods-OpenCVDemoUITests.a */; };
/* End PBXBuildFile section */

/* Begin PBXContainerItemProxy section */
		4C9772B02088646700930C34 /* PBXContainerItemProxy */ = {
			isa = PBXContainerItemProxy;
			containerPortal = 4C97728F2088646600930C34 /* Project object */;
			proxyType = 1;
			remoteGlobalIDString = 4C9772962088646600930C34;
			remoteInfo = OpenCVDemo;
		};
		4C9772BB2088646700930C34 /* PBXContainerItemProxy */ = {
			isa = PBXContainerItemProxy;
			containerPortal = 4C97728F2088646600930C34 /* Project object */;
			proxyType = 1;
			remoteGlobalIDString = 4C9772962088646600930C34;
			remoteInfo = OpenCVDemo;
		};
/* End PBXContainerItemProxy section */

/* Begin PBXFileReference section */
		0A91BE88730E625D64FC3658 /* libPods-OpenCVDemoUITests.a */ = {isa = PBXFileReference; explicitFileType = archive.ar; includeInIndex = 0; path = "libPods-OpenCVDemoUITests.a"; sourceTree = BUILT_PRODUCTS_DIR; };
		28397C7AE75A23002342B513 /* Pods-OpenCVDemoUITests.debug.xcconfig */ = {isa = PBXFileReference; includeInIndex = 1; lastKnownFileType = text.xcconfig; name = "Pods-OpenCVDemoUITests.debug.xcconfig"; path = "Pods/Target Support Files/Pods-OpenCVDemoUITests/Pods-OpenCVDemoUITests.debug.xcconfig"; sourceTree = "<group>"; };
		2A640F4FEF7BD1D5C2523B3D /* Pods-OpenCVDemoTests.release.xcconfig */ = {isa = PBXFileReference; includeInIndex = 1; lastKnownFileType = text.xcconfig; name = "Pods-OpenCVDemoTests.release.xcconfig"; path = "Pods/Target Support Files/Pods-OpenCVDemoTests/Pods-OpenCVDemoTests.release.xcconfig"; sourceTree = "<group>"; };
		3A33D780599F010DDD2DBB8D /* Pods-OpenCVDemo.debug.xcconfig */ = {isa = PBXFileReference; includeInIndex = 1; lastKnownFileType = text.xcconfig; name = "Pods-OpenCVDemo.debug.xcconfig"; path = "Pods/Target Support Files/Pods-OpenCVDemo/Pods-OpenCVDemo.debug.xcconfig"; sourceTree = "<group>"; };
		477A56237E84F78BFCEC424C /* Pods-OpenCVDemo.release.xcconfig */ = {isa = PBXFileReference; includeInIndex = 1; lastKnownFileType = text.xcconfig; name = "Pods-OpenCVDemo.release.xcconfig"; path = "Pods/Target Support Files/Pods-OpenCVDemo/Pods-OpenCVDemo.release.xcconfig"; sourceTree = "<group>"; };
		4C9772972088646600930C34 /* OpenCVDemo.app */ = {isa = PBXFileReference; explicitFileType = wrapper.application; includeInIndex = 0; path = OpenCVDemo.app; sourceTree = BUILT_PRODUCTS_DIR; };
		4C97729A2088646600930C34 /* AppDelegate.h */ = {isa = PBXFileReference; lastKnownFileType = sourcecode.c.h; path = AppDelegate.h; sourceTree = "<group>"; };
		4C97729B2088646600930C34 /* AppDelegate.m */ = {isa = PBXFileReference; lastKnownFileType = sourcecode.c.objc; path = AppDelegate.m; sourceTree = "<group>"; };
		4C97729D2088646600930C34 /* ViewController.h */ = {isa = PBXFileReference; lastKnownFileType = sourcecode.c.h; path = ViewController.h; sourceTree = "<group>"; };
		4C97729E2088646600930C34 /* ViewController.mm */ = {isa = PBXFileReference; lastKnownFileType = sourcecode.cpp.objcpp; path = ViewController.mm; sourceTree = "<group>"; };
		4C9772A12088646600930C34 /* Base */ = {isa = PBXFileReference; lastKnownFileType = file.storyboard; name = Base; path = Base.lproj/Main.storyboard; sourceTree = "<group>"; };
		4C9772A32088646600930C34 /* Assets.xcassets */ = {isa = PBXFileReference; lastKnownFileType = folder.assetcatalog; path = Assets.xcassets; sourceTree = "<group>"; };
		4C9772A62088646600930C34 /* Base */ = {isa = PBXFileReference; lastKnownFileType = file.storyboard; name = Base; path = Base.lproj/LaunchScreen.storyboard; sourceTree = "<group>"; };
		4C9772A82088646600930C34 /* Info.plist */ = {isa = PBXFileReference; lastKnownFileType = text.plist.xml; path = Info.plist; sourceTree = "<group>"; };
		4C9772A92088646600930C34 /* main.m */ = {isa = PBXFileReference; lastKnownFileType = sourcecode.c.objc; path = main.m; sourceTree = "<group>"; };
		4C9772AF2088646700930C34 /* OpenCVDemoTests.xctest */ = {isa = PBXFileReference; explicitFileType = wrapper.cfbundle; includeInIndex = 0; path = OpenCVDemoTests.xctest; sourceTree = BUILT_PRODUCTS_DIR; };
		4C9772B32088646700930C34 /* OpenCVDemoTests.m */ = {isa = PBXFileReference; lastKnownFileType = sourcecode.c.objc; path = OpenCVDemoTests.m; sourceTree = "<group>"; };
		4C9772B52088646700930C34 /* Info.plist */ = {isa = PBXFileReference; lastKnownFileType = text.plist.xml; path = Info.plist; sourceTree = "<group>"; };
		4C9772BA2088646700930C34 /* OpenCVDemoUITests.xctest */ = {isa = PBXFileReference; explicitFileType = wrapper.cfbundle; includeInIndex = 0; path = OpenCVDemoUITests.xctest; sourceTree = BUILT_PRODUCTS_DIR; };
		4C9772BE2088646700930C34 /* OpenCVDemoUITests.m */ = {isa = PBXFileReference; lastKnownFileType = sourcecode.c.objc; path = OpenCVDemoUITests.m; sourceTree = "<group>"; };
		4C9772C02088646700930C34 /* Info.plist */ = {isa = PBXFileReference; lastKnownFileType = text.plist.xml; path = Info.plist; sourceTree = "<group>"; };
		7055F7312E0E6F81D06C5723 /* libPods-OpenCVDemoTests.a */ = {isa = PBXFileReference; explicitFileType = archive.ar; includeInIndex = 0; path = "libPods-OpenCVDemoTests.a"; sourceTree = BUILT_PRODUCTS_DIR; };
		94263C6CC06E3738CBCDB9F7 /* Pods-OpenCVDemoTests.debug.xcconfig */ = {isa = PBXFileReference; includeInIndex = 1; lastKnownFileType = text.xcconfig; name = "Pods-OpenCVDemoTests.debug.xcconfig"; path = "Pods/Target Support Files/Pods-OpenCVDemoTests/Pods-OpenCVDemoTests.debug.xcconfig"; sourceTree = "<group>"; };
		C40819DCC36FCC8DD4CAD3B2 /* Pods-OpenCVDemoUITests.release.xcconfig */ = {isa = PBXFileReference; includeInIndex = 1; lastKnownFileType = text.xcconfig; name = "Pods-OpenCVDemoUITests.release.xcconfig"; path = "Pods/Target Support Files/Pods-OpenCVDemoUITests/Pods-OpenCVDemoUITests.release.xcconfig"; sourceTree = "<group>"; };
		CE695F0716185CDF914C1929 /* libPods-OpenCVDemo.a */ = {isa = PBXFileReference; explicitFileType = archive.ar; includeInIndex = 0; path = "libPods-OpenCVDemo.a"; sourceTree = BUILT_PRODUCTS_DIR; };
/* End PBXFileReference section */

/* Begin PBXFrameworksBuildPhase section */
		4C9772942088646600930C34 /* Frameworks */ = {
			isa = PBXFrameworksBuildPhase;
			buildActionMask = 2147483647;
			files = (
				33E5AAB6265D76705FD84861 /* libPods-OpenCVDemo.a in Frameworks */,
			);
			runOnlyForDeploymentPostprocessing = 0;
		};
		4C9772AC2088646700930C34 /* Frameworks */ = {
			isa = PBXFrameworksBuildPhase;
			buildActionMask = 2147483647;
			files = (
				33749D067D1B0406AB574350 /* libPods-OpenCVDemoTests.a in Frameworks */,
			);
			runOnlyForDeploymentPostprocessing = 0;
		};
		4C9772B72088646700930C34 /* Frameworks */ = {
			isa = PBXFrameworksBuildPhase;
			buildActionMask = 2147483647;
			files = (
				BDC8A8693C08B50D34EC0FBF /* libPods-OpenCVDemoUITests.a in Frameworks */,
			);
			runOnlyForDeploymentPostprocessing = 0;
		};
/* End PBXFrameworksBuildPhase section */

/* Begin PBXGroup section */
		0FCA8D8C5A34CF20F9BE9AB7 /* Frameworks */ = {
			isa = PBXGroup;
			children = (
				CE695F0716185CDF914C1929 /* libPods-OpenCVDemo.a */,
				7055F7312E0E6F81D06C5723 /* libPods-OpenCVDemoTests.a */,
				0A91BE88730E625D64FC3658 /* libPods-OpenCVDemoUITests.a */,
			);
			name = Frameworks;
			sourceTree = "<group>";
		};
		37FBF269A80CABE41EED6334 /* Pods */ = {
			isa = PBXGroup;
			children = (
				3A33D780599F010DDD2DBB8D /* Pods-OpenCVDemo.debug.xcconfig */,
				477A56237E84F78BFCEC424C /* Pods-OpenCVDemo.release.xcconfig */,
				94263C6CC06E3738CBCDB9F7 /* Pods-OpenCVDemoTests.debug.xcconfig */,
				2A640F4FEF7BD1D5C2523B3D /* Pods-OpenCVDemoTests.release.xcconfig */,
				28397C7AE75A23002342B513 /* Pods-OpenCVDemoUITests.debug.xcconfig */,
				C40819DCC36FCC8DD4CAD3B2 /* Pods-OpenCVDemoUITests.release.xcconfig */,
			);
			name = Pods;
			sourceTree = "<group>";
		};
		4C97728E2088646600930C34 = {
			isa = PBXGroup;
			children = (
				4C9772992088646600930C34 /* OpenCVDemo */,
				4C9772B22088646700930C34 /* OpenCVDemoTests */,
				4C9772BD2088646700930C34 /* OpenCVDemoUITests */,
				4C9772982088646600930C34 /* Products */,
				37FBF269A80CABE41EED6334 /* Pods */,
				0FCA8D8C5A34CF20F9BE9AB7 /* Frameworks */,
			);
			sourceTree = "<group>";
		};
		4C9772982088646600930C34 /* Products */ = {
			isa = PBXGroup;
			children = (
				4C9772972088646600930C34 /* OpenCVDemo.app */,
				4C9772AF2088646700930C34 /* OpenCVDemoTests.xctest */,
				4C9772BA2088646700930C34 /* OpenCVDemoUITests.xctest */,
			);
			name = Products;
			sourceTree = "<group>";
		};
		4C9772992088646600930C34 /* OpenCVDemo */ = {
			isa = PBXGroup;
			children = (
				4C97729A2088646600930C34 /* AppDelegate.h */,
				4C97729B2088646600930C34 /* AppDelegate.m */,
				4C97729D2088646600930C34 /* ViewController.h */,
				4C97729E2088646600930C34 /* ViewController.mm */,
				4C9772A02088646600930C34 /* Main.storyboard */,
				4C9772A32088646600930C34 /* Assets.xcassets */,
				4C9772A52088646600930C34 /* LaunchScreen.storyboard */,
				4C9772A82088646600930C34 /* Info.plist */,
				4C9772A92088646600930C34 /* main.m */,
			);
			path = OpenCVDemo;
			sourceTree = "<group>";
		};
		4C9772B22088646700930C34 /* OpenCVDemoTests */ = {
			isa = PBXGroup;
			children = (
				4C9772B32088646700930C34 /* OpenCVDemoTests.m */,
				4C9772B52088646700930C34 /* Info.plist */,
			);
			path = OpenCVDemoTests;
			sourceTree = "<group>";
		};
		4C9772BD2088646700930C34 /* OpenCVDemoUITests */ = {
			isa = PBXGroup;
			children = (
				4C9772BE2088646700930C34 /* OpenCVDemoUITests.m */,
				4C9772C02088646700930C34 /* Info.plist */,
			);
			path = OpenCVDemoUITests;
			sourceTree = "<group>";
		};
/* End PBXGroup section */

/* Begin PBXNativeTarget section */
		4C9772962088646600930C34 /* OpenCVDemo */ = {
			isa = PBXNativeTarget;
			buildConfigurationList = 4C9772C32088646700930C34 /* Build configuration list for PBXNativeTarget "OpenCVDemo" */;
			buildPhases = (
				C427D9659F39504A072D9356 /* [CP] Check Pods Manifest.lock */,
				4C9772932088646600930C34 /* Sources */,
				4C9772942088646600930C34 /* Frameworks */,
				4C9772952088646600930C34 /* Resources */,
				01DF33DD728BE790FA5D8EFC /* [CP] Embed Pods Frameworks */,
				BA8E7999B97E9BFBF29C92F7 /* [CP] Copy Pods Resources */,
			);
			buildRules = (
			);
			dependencies = (
			);
			name = OpenCVDemo;
			productName = OpenCVDemo;
			productReference = 4C9772972088646600930C34 /* OpenCVDemo.app */;
			productType = "com.apple.product-type.application";
		};
		4C9772AE2088646700930C34 /* OpenCVDemoTests */ = {
			isa = PBXNativeTarget;
			buildConfigurationList = 4C9772C62088646700930C34 /* Build configuration list for PBXNativeTarget "OpenCVDemoTests" */;
			buildPhases = (
				746A1765F85B18514B492830 /* [CP] Check Pods Manifest.lock */,
				4C9772AB2088646700930C34 /* Sources */,
				4C9772AC2088646700930C34 /* Frameworks */,
				4C9772AD2088646700930C34 /* Resources */,
				6F1F4A60DC2BAEE1589536F1 /* [CP] Embed Pods Frameworks */,
				169D74FDB92BA92A4211AB78 /* [CP] Copy Pods Resources */,
			);
			buildRules = (
			);
			dependencies = (
				4C9772B12088646700930C34 /* PBXTargetDependency */,
			);
			name = OpenCVDemoTests;
			productName = OpenCVDemoTests;
			productReference = 4C9772AF2088646700930C34 /* OpenCVDemoTests.xctest */;
			productType = "com.apple.product-type.bundle.unit-test";
		};
		4C9772B92088646700930C34 /* OpenCVDemoUITests */ = {
			isa = PBXNativeTarget;
			buildConfigurationList = 4C9772C92088646700930C34 /* Build configuration list for PBXNativeTarget "OpenCVDemoUITests" */;
			buildPhases = (
				584651D05402AE00D50DA672 /* [CP] Check Pods Manifest.lock */,
				4C9772B62088646700930C34 /* Sources */,
				4C9772B72088646700930C34 /* Frameworks */,
				4C9772B82088646700930C34 /* Resources */,
				A6B5A13904B21ECDB4F9EF62 /* [CP] Embed Pods Frameworks */,
				EECB0279CE10D271CFE64E50 /* [CP] Copy Pods Resources */,
			);
			buildRules = (
			);
			dependencies = (
				4C9772BC2088646700930C34 /* PBXTargetDependency */,
			);
			name = OpenCVDemoUITests;
			productName = OpenCVDemoUITests;
			productReference = 4C9772BA2088646700930C34 /* OpenCVDemoUITests.xctest */;
			productType = "com.apple.product-type.bundle.ui-testing";
		};
/* End PBXNativeTarget section */

/* Begin PBXProject section */
		4C97728F2088646600930C34 /* Project object */ = {
			isa = PBXProject;
			attributes = {
				LastUpgradeCheck = 0900;
				ORGANIZATIONNAME = "Maulik Bhuptani";
				TargetAttributes = {
					4C9772962088646600930C34 = {
						CreatedOnToolsVersion = 9.0;
						ProvisioningStyle = Manual;
					};
					4C9772AE2088646700930C34 = {
						CreatedOnToolsVersion = 9.0;
						ProvisioningStyle = Automatic;
						TestTargetID = 4C9772962088646600930C34;
					};
					4C9772B92088646700930C34 = {
						CreatedOnToolsVersion = 9.0;
						ProvisioningStyle = Automatic;
						TestTargetID = 4C9772962088646600930C34;
					};
				};
			};
			buildConfigurationList = 4C9772922088646600930C34 /* Build configuration list for PBXProject "OpenCVDemo" */;
			compatibilityVersion = "Xcode 8.0";
			developmentRegion = en;
			hasScannedForEncodings = 0;
			knownRegions = (
				en,
				Base,
			);
			mainGroup = 4C97728E2088646600930C34;
			productRefGroup = 4C9772982088646600930C34 /* Products */;
			projectDirPath = "";
			projectRoot = "";
			targets = (
				4C9772962088646600930C34 /* OpenCVDemo */,
				4C9772AE2088646700930C34 /* OpenCVDemoTests */,
				4C9772B92088646700930C34 /* OpenCVDemoUITests */,
			);
		};
/* End PBXProject section */

/* Begin PBXResourcesBuildPhase section */
		4C9772952088646600930C34 /* Resources */ = {
			isa = PBXResourcesBuildPhase;
			buildActionMask = 2147483647;
			files = (
				4C9772A72088646600930C34 /* LaunchScreen.storyboard in Resources */,
				4C9772A42088646600930C34 /* Assets.xcassets in Resources */,
				4C9772A22088646600930C34 /* Main.storyboard in Resources */,
			);
			runOnlyForDeploymentPostprocessing = 0;
		};
		4C9772AD2088646700930C34 /* Resources */ = {
			isa = PBXResourcesBuildPhase;
			buildActionMask = 2147483647;
			files = (
			);
			runOnlyForDeploymentPostprocessing = 0;
		};
		4C9772B82088646700930C34 /* Resources */ = {
			isa = PBXResourcesBuildPhase;
			buildActionMask = 2147483647;
			files = (
			);
			runOnlyForDeploymentPostprocessing = 0;
		};
/* End PBXResourcesBuildPhase section */

/* Begin PBXShellScriptBuildPhase section */
		01DF33DD728BE790FA5D8EFC /* [CP] Embed Pods Frameworks */ = {
			isa = PBXShellScriptBuildPhase;
			buildActionMask = 2147483647;
			files = (
			);
			inputPaths = (
			);
			name = "[CP] Embed Pods Frameworks";
			outputPaths = (
			);
			runOnlyForDeploymentPostprocessing = 0;
			shellPath = /bin/sh;
			shellScript = "\"${SRCROOT}/Pods/Target Support Files/Pods-OpenCVDemo/Pods-OpenCVDemo-frameworks.sh\"\n";
			showEnvVarsInLog = 0;
		};
		169D74FDB92BA92A4211AB78 /* [CP] Copy Pods Resources */ = {
			isa = PBXShellScriptBuildPhase;
			buildActionMask = 2147483647;
			files = (
			);
			inputPaths = (
			);
			name = "[CP] Copy Pods Resources";
			outputPaths = (
			);
			runOnlyForDeploymentPostprocessing = 0;
			shellPath = /bin/sh;
			shellScript = "\"${SRCROOT}/Pods/Target Support Files/Pods-OpenCVDemoTests/Pods-OpenCVDemoTests-resources.sh\"\n";
			showEnvVarsInLog = 0;
		};
		584651D05402AE00D50DA672 /* [CP] Check Pods Manifest.lock */ = {
			isa = PBXShellScriptBuildPhase;
			buildActionMask = 2147483647;
			files = (
			);
			inputPaths = (
				"${PODS_PODFILE_DIR_PATH}/Podfile.lock",
				"${PODS_ROOT}/Manifest.lock",
			);
			name = "[CP] Check Pods Manifest.lock";
			outputPaths = (
				"$(DERIVED_FILE_DIR)/Pods-OpenCVDemoUITests-checkManifestLockResult.txt",
			);
			runOnlyForDeploymentPostprocessing = 0;
			shellPath = /bin/sh;
			shellScript = "diff \"${PODS_PODFILE_DIR_PATH}/Podfile.lock\" \"${PODS_ROOT}/Manifest.lock\" > /dev/null\nif [ $? != 0 ] ; then\n    # print error to STDERR\n    echo \"error: The sandbox is not in sync with the Podfile.lock. Run 'pod install' or update your CocoaPods installation.\" >&2\n    exit 1\nfi\n# This output is used by Xcode 'outputs' to avoid re-running this script phase.\necho \"SUCCESS\" > \"${SCRIPT_OUTPUT_FILE_0}\"\n";
			showEnvVarsInLog = 0;
		};
		6F1F4A60DC2BAEE1589536F1 /* [CP] Embed Pods Frameworks */ = {
			isa = PBXShellScriptBuildPhase;
			buildActionMask = 2147483647;
			files = (
			);
			inputPaths = (
			);
			name = "[CP] Embed Pods Frameworks";
			outputPaths = (
			);
			runOnlyForDeploymentPostprocessing = 0;
			shellPath = /bin/sh;
			shellScript = "\"${SRCROOT}/Pods/Target Support Files/Pods-OpenCVDemoTests/Pods-OpenCVDemoTests-frameworks.sh\"\n";
			showEnvVarsInLog = 0;
		};
		746A1765F85B18514B492830 /* [CP] Check Pods Manifest.lock */ = {
			isa = PBXShellScriptBuildPhase;
			buildActionMask = 2147483647;
			files = (
			);
			inputPaths = (
				"${PODS_PODFILE_DIR_PATH}/Podfile.lock",
				"${PODS_ROOT}/Manifest.lock",
			);
			name = "[CP] Check Pods Manifest.lock";
			outputPaths = (
				"$(DERIVED_FILE_DIR)/Pods-OpenCVDemoTests-checkManifestLockResult.txt",
			);
			runOnlyForDeploymentPostprocessing = 0;
			shellPath = /bin/sh;
			shellScript = "diff \"${PODS_PODFILE_DIR_PATH}/Podfile.lock\" \"${PODS_ROOT}/Manifest.lock\" > /dev/null\nif [ $? != 0 ] ; then\n    # print error to STDERR\n    echo \"error: The sandbox is not in sync with the Podfile.lock. Run 'pod install' or update your CocoaPods installation.\" >&2\n    exit 1\nfi\n# This output is used by Xcode 'outputs' to avoid re-running this script phase.\necho \"SUCCESS\" > \"${SCRIPT_OUTPUT_FILE_0}\"\n";
			showEnvVarsInLog = 0;
		};
		A6B5A13904B21ECDB4F9EF62 /* [CP] Embed Pods Frameworks */ = {
			isa = PBXShellScriptBuildPhase;
			buildActionMask = 2147483647;
			files = (
			);
			inputPaths = (
			);
			name = "[CP] Embed Pods Frameworks";
			outputPaths = (
			);
			runOnlyForDeploymentPostprocessing = 0;
			shellPath = /bin/sh;
			shellScript = "\"${SRCROOT}/Pods/Target Support Files/Pods-OpenCVDemoUITests/Pods-OpenCVDemoUITests-frameworks.sh\"\n";
			showEnvVarsInLog = 0;
		};
		BA8E7999B97E9BFBF29C92F7 /* [CP] Copy Pods Resources */ = {
			isa = PBXShellScriptBuildPhase;
			buildActionMask = 2147483647;
			files = (
			);
			inputPaths = (
			);
			name = "[CP] Copy Pods Resources";
			outputPaths = (
			);
			runOnlyForDeploymentPostprocessing = 0;
			shellPath = /bin/sh;
			shellScript = "\"${SRCROOT}/Pods/Target Support Files/Pods-OpenCVDemo/Pods-OpenCVDemo-resources.sh\"\n";
			showEnvVarsInLog = 0;
		};
		C427D9659F39504A072D9356 /* [CP] Check Pods Manifest.lock */ = {
			isa = PBXShellScriptBuildPhase;
			buildActionMask = 2147483647;
			files = (
			);
			inputPaths = (
				"${PODS_PODFILE_DIR_PATH}/Podfile.lock",
				"${PODS_ROOT}/Manifest.lock",
			);
			name = "[CP] Check Pods Manifest.lock";
			outputPaths = (
				"$(DERIVED_FILE_DIR)/Pods-OpenCVDemo-checkManifestLockResult.txt",
			);
			runOnlyForDeploymentPostprocessing = 0;
			shellPath = /bin/sh;
			shellScript = "diff \"${PODS_PODFILE_DIR_PATH}/Podfile.lock\" \"${PODS_ROOT}/Manifest.lock\" > /dev/null\nif [ $? != 0 ] ; then\n    # print error to STDERR\n    echo \"error: The sandbox is not in sync with the Podfile.lock. Run 'pod install' or update your CocoaPods installation.\" >&2\n    exit 1\nfi\n# This output is used by Xcode 'outputs' to avoid re-running this script phase.\necho \"SUCCESS\" > \"${SCRIPT_OUTPUT_FILE_0}\"\n";
			showEnvVarsInLog = 0;
		};
		EECB0279CE10D271CFE64E50 /* [CP] Copy Pods Resources */ = {
			isa = PBXShellScriptBuildPhase;
			buildActionMask = 2147483647;
			files = (
			);
			inputPaths = (
			);
			name = "[CP] Copy Pods Resources";
			outputPaths = (
			);
			runOnlyForDeploymentPostprocessing = 0;
			shellPath = /bin/sh;
			shellScript = "\"${SRCROOT}/Pods/Target Support Files/Pods-OpenCVDemoUITests/Pods-OpenCVDemoUITests-resources.sh\"\n";
			showEnvVarsInLog = 0;
		};
/* End PBXShellScriptBuildPhase section */

/* Begin PBXSourcesBuildPhase section */
		4C9772932088646600930C34 /* Sources */ = {
			isa = PBXSourcesBuildPhase;
			buildActionMask = 2147483647;
			files = (
				4C97729F2088646600930C34 /* ViewController.mm in Sources */,
				4C9772AA2088646600930C34 /* main.m in Sources */,
				4C97729C2088646600930C34 /* AppDelegate.m in Sources */,
			);
			runOnlyForDeploymentPostprocessing = 0;
		};
		4C9772AB2088646700930C34 /* Sources */ = {
			isa = PBXSourcesBuildPhase;
			buildActionMask = 2147483647;
			files = (
				4C9772B42088646700930C34 /* OpenCVDemoTests.m in Sources */,
			);
			runOnlyForDeploymentPostprocessing = 0;
		};
		4C9772B62088646700930C34 /* Sources */ = {
			isa = PBXSourcesBuildPhase;
			buildActionMask = 2147483647;
			files = (
				4C9772BF2088646700930C34 /* OpenCVDemoUITests.m in Sources */,
			);
			runOnlyForDeploymentPostprocessing = 0;
		};
/* End PBXSourcesBuildPhase section */

/* Begin PBXTargetDependency section */
		4C9772B12088646700930C34 /* PBXTargetDependency */ = {
			isa = PBXTargetDependency;
			target = 4C9772962088646600930C34 /* OpenCVDemo */;
			targetProxy = 4C9772B02088646700930C34 /* PBXContainerItemProxy */;
		};
		4C9772BC2088646700930C34 /* PBXTargetDependency */ = {
			isa = PBXTargetDependency;
			target = 4C9772962088646600930C34 /* OpenCVDemo */;
			targetProxy = 4C9772BB2088646700930C34 /* PBXContainerItemProxy */;
		};
/* End PBXTargetDependency section */

/* Begin PBXVariantGroup section */
		4C9772A02088646600930C34 /* Main.storyboard */ = {
			isa = PBXVariantGroup;
			children = (
				4C9772A12088646600930C34 /* Base */,
			);
			name = Main.storyboard;
			sourceTree = "<group>";
		};
		4C9772A52088646600930C34 /* LaunchScreen.storyboard */ = {
			isa = PBXVariantGroup;
			children = (
				4C9772A62088646600930C34 /* Base */,
			);
			name = LaunchScreen.storyboard;
			sourceTree = "<group>";
		};
/* End PBXVariantGroup section */

/* Begin XCBuildConfiguration section */
		4C9772C12088646700930C34 /* Debug */ = {
			isa = XCBuildConfiguration;
			buildSettings = {
				ALWAYS_SEARCH_USER_PATHS = NO;
				CLANG_ANALYZER_NONNULL = YES;
				CLANG_ANALYZER_NUMBER_OBJECT_CONVERSION = YES_AGGRESSIVE;
				CLANG_CXX_LANGUAGE_STANDARD = "gnu++14";
				CLANG_CXX_LIBRARY = "libc++";
				CLANG_ENABLE_MODULES = YES;
				CLANG_ENABLE_OBJC_ARC = YES;
				CLANG_WARN_BLOCK_CAPTURE_AUTORELEASING = YES;
				CLANG_WARN_BOOL_CONVERSION = YES;
				CLANG_WARN_COMMA = YES;
				CLANG_WARN_CONSTANT_CONVERSION = YES;
				CLANG_WARN_DIRECT_OBJC_ISA_USAGE = YES_ERROR;
				CLANG_WARN_DOCUMENTATION_COMMENTS = YES;
				CLANG_WARN_EMPTY_BODY = YES;
				CLANG_WARN_ENUM_CONVERSION = YES;
				CLANG_WARN_INFINITE_RECURSION = YES;
				CLANG_WARN_INT_CONVERSION = YES;
				CLANG_WARN_NON_LITERAL_NULL_CONVERSION = YES;
				CLANG_WARN_OBJC_LITERAL_CONVERSION = YES;
				CLANG_WARN_OBJC_ROOT_CLASS = YES_ERROR;
				CLANG_WARN_RANGE_LOOP_ANALYSIS = YES;
				CLANG_WARN_STRICT_PROTOTYPES = YES;
				CLANG_WARN_SUSPICIOUS_MOVE = YES;
				CLANG_WARN_UNGUARDED_AVAILABILITY = YES_AGGRESSIVE;
				CLANG_WARN_UNREACHABLE_CODE = YES;
				CLANG_WARN__DUPLICATE_METHOD_MATCH = YES;
				CODE_SIGN_IDENTITY = "iPhone Developer";
				COPY_PHASE_STRIP = NO;
				DEBUG_INFORMATION_FORMAT = dwarf;
				ENABLE_STRICT_OBJC_MSGSEND = YES;
				ENABLE_TESTABILITY = YES;
				GCC_C_LANGUAGE_STANDARD = gnu11;
				GCC_DYNAMIC_NO_PIC = NO;
				GCC_NO_COMMON_BLOCKS = YES;
				GCC_OPTIMIZATION_LEVEL = 0;
				GCC_PREPROCESSOR_DEFINITIONS = (
					"DEBUG=1",
					"$(inherited)",
				);
				GCC_WARN_64_TO_32_BIT_CONVERSION = YES;
				GCC_WARN_ABOUT_RETURN_TYPE = YES_ERROR;
				GCC_WARN_UNDECLARED_SELECTOR = YES;
				GCC_WARN_UNINITIALIZED_AUTOS = YES_AGGRESSIVE;
				GCC_WARN_UNUSED_FUNCTION = YES;
				GCC_WARN_UNUSED_VARIABLE = YES;
				IPHONEOS_DEPLOYMENT_TARGET = 11.0;
				MTL_ENABLE_DEBUG_INFO = YES;
				ONLY_ACTIVE_ARCH = YES;
				SDKROOT = iphoneos;
			};
			name = Debug;
		};
		4C9772C22088646700930C34 /* Release */ = {
			isa = XCBuildConfiguration;
			buildSettings = {
				ALWAYS_SEARCH_USER_PATHS = NO;
				CLANG_ANALYZER_NONNULL = YES;
				CLANG_ANALYZER_NUMBER_OBJECT_CONVERSION = YES_AGGRESSIVE;
				CLANG_CXX_LANGUAGE_STANDARD = "gnu++14";
				CLANG_CXX_LIBRARY = "libc++";
				CLANG_ENABLE_MODULES = YES;
				CLANG_ENABLE_OBJC_ARC = YES;
				CLANG_WARN_BLOCK_CAPTURE_AUTORELEASING = YES;
				CLANG_WARN_BOOL_CONVERSION = YES;
				CLANG_WARN_COMMA = YES;
				CLANG_WARN_CONSTANT_CONVERSION = YES;
				CLANG_WARN_DIRECT_OBJC_ISA_USAGE = YES_ERROR;
				CLANG_WARN_DOCUMENTATION_COMMENTS = YES;
				CLANG_WARN_EMPTY_BODY = YES;
				CLANG_WARN_ENUM_CONVERSION = YES;
				CLANG_WARN_INFINITE_RECURSION = YES;
				CLANG_WARN_INT_CONVERSION = YES;
				CLANG_WARN_NON_LITERAL_NULL_CONVERSION = YES;
				CLANG_WARN_OBJC_LITERAL_CONVERSION = YES;
				CLANG_WARN_OBJC_ROOT_CLASS = YES_ERROR;
				CLANG_WARN_RANGE_LOOP_ANALYSIS = YES;
				CLANG_WARN_STRICT_PROTOTYPES = YES;
				CLANG_WARN_SUSPICIOUS_MOVE = YES;
				CLANG_WARN_UNGUARDED_AVAILABILITY = YES_AGGRESSIVE;
				CLANG_WARN_UNREACHABLE_CODE = YES;
				CLANG_WARN__DUPLICATE_METHOD_MATCH = YES;
				CODE_SIGN_IDENTITY = "iPhone Developer";
				COPY_PHASE_STRIP = NO;
				DEBUG_INFORMATION_FORMAT = "dwarf-with-dsym";
				ENABLE_NS_ASSERTIONS = NO;
				ENABLE_STRICT_OBJC_MSGSEND = YES;
				GCC_C_LANGUAGE_STANDARD = gnu11;
				GCC_NO_COMMON_BLOCKS = YES;
				GCC_WARN_64_TO_32_BIT_CONVERSION = YES;
				GCC_WARN_ABOUT_RETURN_TYPE = YES_ERROR;
				GCC_WARN_UNDECLARED_SELECTOR = YES;
				GCC_WARN_UNINITIALIZED_AUTOS = YES_AGGRESSIVE;
				GCC_WARN_UNUSED_FUNCTION = YES;
				GCC_WARN_UNUSED_VARIABLE = YES;
				IPHONEOS_DEPLOYMENT_TARGET = 11.0;
				MTL_ENABLE_DEBUG_INFO = NO;
				SDKROOT = iphoneos;
				VALIDATE_PRODUCT = YES;
			};
			name = Release;
		};
		4C9772C42088646700930C34 /* Debug */ = {
			isa = XCBuildConfiguration;
			baseConfigurationReference = 3A33D780599F010DDD2DBB8D /* Pods-OpenCVDemo.debug.xcconfig */;
			buildSettings = {
				ASSETCATALOG_COMPILER_APPICON_NAME = AppIcon;
				CODE_SIGN_STYLE = Manual;
				DEVELOPMENT_TEAM = "";
				INFOPLIST_FILE = OpenCVDemo/Info.plist;
				IPHONEOS_DEPLOYMENT_TARGET = 9.0;
				LD_RUNPATH_SEARCH_PATHS = "$(inherited) @executable_path/Frameworks";
				PRODUCT_BUNDLE_IDENTIFIER = com.maulik.OpenCVDemo;
				PRODUCT_NAME = "$(TARGET_NAME)";
				PROVISIONING_PROFILE_SPECIFIER = "";
				TARGETED_DEVICE_FAMILY = "1,2";
			};
			name = Debug;
		};
		4C9772C52088646700930C34 /* Release */ = {
			isa = XCBuildConfiguration;
			baseConfigurationReference = 477A56237E84F78BFCEC424C /* Pods-OpenCVDemo.release.xcconfig */;
			buildSettings = {
				ASSETCATALOG_COMPILER_APPICON_NAME = AppIcon;
				CODE_SIGN_STYLE = Manual;
				DEVELOPMENT_TEAM = "";
				INFOPLIST_FILE = OpenCVDemo/Info.plist;
				IPHONEOS_DEPLOYMENT_TARGET = 9.0;
				LD_RUNPATH_SEARCH_PATHS = "$(inherited) @executable_path/Frameworks";
				PRODUCT_BUNDLE_IDENTIFIER = com.maulik.OpenCVDemo;
				PRODUCT_NAME = "$(TARGET_NAME)";
				PROVISIONING_PROFILE_SPECIFIER = "";
				TARGETED_DEVICE_FAMILY = "1,2";
			};
			name = Release;
		};
		4C9772C72088646700930C34 /* Debug */ = {
			isa = XCBuildConfiguration;
			baseConfigurationReference = 94263C6CC06E3738CBCDB9F7 /* Pods-OpenCVDemoTests.debug.xcconfig */;
			buildSettings = {
				BUNDLE_LOADER = "$(TEST_HOST)";
				CODE_SIGN_STYLE = Automatic;
				INFOPLIST_FILE = OpenCVDemoTests/Info.plist;
				LD_RUNPATH_SEARCH_PATHS = "$(inherited) @executable_path/Frameworks @loader_path/Frameworks";
				PRODUCT_BUNDLE_IDENTIFIER = com.maulik.OpenCVDemoTests;
				PRODUCT_NAME = "$(TARGET_NAME)";
				TARGETED_DEVICE_FAMILY = "1,2";
				TEST_HOST = "$(BUILT_PRODUCTS_DIR)/OpenCVDemo.app/OpenCVDemo";
			};
			name = Debug;
		};
		4C9772C82088646700930C34 /* Release */ = {
			isa = XCBuildConfiguration;
			baseConfigurationReference = 2A640F4FEF7BD1D5C2523B3D /* Pods-OpenCVDemoTests.release.xcconfig */;
			buildSettings = {
				BUNDLE_LOADER = "$(TEST_HOST)";
				CODE_SIGN_STYLE = Automatic;
				INFOPLIST_FILE = OpenCVDemoTests/Info.plist;
				LD_RUNPATH_SEARCH_PATHS = "$(inherited) @executable_path/Frameworks @loader_path/Frameworks";
				PRODUCT_BUNDLE_IDENTIFIER = com.maulik.OpenCVDemoTests;
				PRODUCT_NAME = "$(TARGET_NAME)";
				TARGETED_DEVICE_FAMILY = "1,2";
				TEST_HOST = "$(BUILT_PRODUCTS_DIR)/OpenCVDemo.app/OpenCVDemo";
			};
			name = Release;
		};
		4C9772CA2088646700930C34 /* Debug */ = {
			isa = XCBuildConfiguration;
			baseConfigurationReference = 28397C7AE75A23002342B513 /* Pods-OpenCVDemoUITests.debug.xcconfig */;
			buildSettings = {
				CODE_SIGN_STYLE = Automatic;
				INFOPLIST_FILE = OpenCVDemoUITests/Info.plist;
				LD_RUNPATH_SEARCH_PATHS = "$(inherited) @executable_path/Frameworks @loader_path/Frameworks";
				PRODUCT_BUNDLE_IDENTIFIER = com.maulik.OpenCVDemoUITests;
				PRODUCT_NAME = "$(TARGET_NAME)";
				TARGETED_DEVICE_FAMILY = "1,2";
				TEST_TARGET_NAME = OpenCVDemo;
			};
			name = Debug;
		};
		4C9772CB2088646700930C34 /* Release */ = {
			isa = XCBuildConfiguration;
			baseConfigurationReference = C40819DCC36FCC8DD4CAD3B2 /* Pods-OpenCVDemoUITests.release.xcconfig */;
			buildSettings = {
				CODE_SIGN_STYLE = Automatic;
				INFOPLIST_FILE = OpenCVDemoUITests/Info.plist;
				LD_RUNPATH_SEARCH_PATHS = "$(inherited) @executable_path/Frameworks @loader_path/Frameworks";
				PRODUCT_BUNDLE_IDENTIFIER = com.maulik.OpenCVDemoUITests;
				PRODUCT_NAME = "$(TARGET_NAME)";
				TARGETED_DEVICE_FAMILY = "1,2";
				TEST_TARGET_NAME = OpenCVDemo;
			};
			name = Release;
		};
/* End XCBuildConfiguration section */

/* Begin XCConfigurationList section */
		4C9772922088646600930C34 /* Build configuration list for PBXProject "OpenCVDemo" */ = {
			isa = XCConfigurationList;
			buildConfigurations = (
				4C9772C12088646700930C34 /* Debug */,
				4C9772C22088646700930C34 /* Release */,
			);
			defaultConfigurationIsVisible = 0;
			defaultConfigurationName = Release;
		};
		4C9772C32088646700930C34 /* Build configuration list for PBXNativeTarget "OpenCVDemo" */ = {
			isa = XCConfigurationList;
			buildConfigurations = (
				4C9772C42088646700930C34 /* Debug */,
				4C9772C52088646700930C34 /* Release */,
			);
			defaultConfigurationIsVisible = 0;
			defaultConfigurationName = Release;
		};
		4C9772C62088646700930C34 /* Build configuration list for PBXNativeTarget "OpenCVDemoTests" */ = {
			isa = XCConfigurationList;
			buildConfigurations = (
				4C9772C72088646700930C34 /* Debug */,
				4C9772C82088646700930C34 /* Release */,
			);
			defaultConfigurationIsVisible = 0;
			defaultConfigurationName = Release;
		};
		4C9772C92088646700930C34 /* Build configuration list for PBXNativeTarget "OpenCVDemoUITests" */ = {
			isa = XCConfigurationList;
			buildConfigurations = (
				4C9772CA2088646700930C34 /* Debug */,
				4C9772CB2088646700930C34 /* Release */,
			);
			defaultConfigurationIsVisible = 0;
			defaultConfigurationName = Release;
		};
/* End XCConfigurationList section */
	};
	rootObject = 4C97728F2088646600930C34 /* Project object */;
}
